
Microsoft Visual Studio Solution File, Format Version 12.00
# Visual Studio Version 16
VisualStudioVersion = 16.0.31729.503
MinimumVisualStudioVersion = 10.0.40219.1
Project("{FAE04EC0-301F-11D3-BF4B-00C04F79EFBC}") = "FinalSimulation", "FinalSimulation\FinalSimulation.csproj", "{6AFE16A6-B9A4-422E-AD6C-FCDC201A55A8}"
EndProject
Global
	GlobalSection(SolutionConfigurationPlatforms) = preSolution
		Debug|Any CPU = Debug|Any CPU
		Release|Any CPU = Release|Any CPU
	EndGlobalSection
	GlobalSection(ProjectConfigurationPlatforms) = postSolution
		{6AFE16A6-B9A4-422E-AD6C-FCDC201A55A8}.Debug|Any CPU.ActiveCfg = Debug|Any CPU
		{6AFE16A6-B9A4-422E-AD6C-FCDC201A55A8}.Debug|Any CPU.Build.0 = Debug|Any CPU
		{6AFE16A6-B9A4-422E-AD6C-FCDC201A55A8}.Release|Any CPU.ActiveCfg = Release|Any CPU
		{6AFE16A6-B9A4-422E-AD6C-FCDC201A55A8}.Release|Any CPU.Build.0 = Release|Any CPU
	EndGlobalSection
	GlobalSection(SolutionProperties) = preSolution
		HideSolutionNode = FALSE
	EndGlobalSection
	GlobalSection(ExtensibilityGlobals) = postSolution
		SolutionGuid = {68B0FA9E-49E8-4213-8AA8-90F4CC62DC2F}
	EndGlobalSection
EndGlobal
